
Microsoft Visual Studio Solution File, Format Version 12.00
# Visual Studio Version 16
VisualStudioVersion = 16.0.31402.337
MinimumVisualStudioVersion = 10.0.40219.1
Project("{9A19103F-16F7-4668-BE54-9A1E7A4F7556}") = "Auction.DataAccess", "Auction.DataAccess\Auction.DataAccess.csproj", "{72C619B6-A1DB-4C15-BCFC-9541EF449328}"
EndProject
Project("{9A19103F-16F7-4668-BE54-9A1E7A4F7556}") = "Auction.Logic", "Auction.Logic\Auction.Logic.csproj", "{A168728A-CE06-4EA6-9AC1-F312F4427524}"
EndProject
Project("{9A19103F-16F7-4668-BE54-9A1E7A4F7556}") = "Auction.API", "Auction.API\Auction.API.csproj", "{6713D2F3-AF6E-4E11-90E3-DA01E0861FFD}"
EndProject
Project("{E24C65DC-7377-472B-9ABA-BC803B73C61A}") = "angular-ClientAppNew", "angular-ClientAppNew\", "{C255514B-DE47-47A4-8D12-2EBD2C9DEDE7}"
	ProjectSection(WebsiteProperties) = preProject
		TargetFrameworkMoniker = ".NETFramework,Version%3Dv4.0"
		Debug.AspNetCompiler.VirtualPath = "/localhost_49745"
		Debug.AspNetCompiler.PhysicalPath = "angular-ClientAppNew\"
		Debug.AspNetCompiler.TargetPath = "PrecompiledWeb\localhost_49745\"
		Debug.AspNetCompiler.Updateable = "true"
		Debug.AspNetCompiler.ForceOverwrite = "true"
		Debug.AspNetCompiler.FixedNames = "false"
		Debug.AspNetCompiler.Debug = "True"
		Release.AspNetCompiler.VirtualPath = "/localhost_49745"
		Release.AspNetCompiler.PhysicalPath = "angular-ClientAppNew\"
		Release.AspNetCompiler.TargetPath = "PrecompiledWeb\localhost_49745\"
		Release.AspNetCompiler.Updateable = "true"
		Release.AspNetCompiler.ForceOverwrite = "true"
		Release.AspNetCompiler.FixedNames = "false"
		Release.AspNetCompiler.Debug = "False"
		VWDPort = "49745"
		SlnRelativePath = "angular-ClientAppNew\"
	EndProjectSection
EndProject
Global
	GlobalSection(SolutionConfigurationPlatforms) = preSolution
		Debug|Any CPU = Debug|Any CPU
		Release|Any CPU = Release|Any CPU
	EndGlobalSection
	GlobalSection(ProjectConfigurationPlatforms) = postSolution
		{72C619B6-A1DB-4C15-BCFC-9541EF449328}.Debug|Any CPU.ActiveCfg = Debug|Any CPU
		{72C619B6-A1DB-4C15-BCFC-9541EF449328}.Debug|Any CPU.Build.0 = Debug|Any CPU
		{72C619B6-A1DB-4C15-BCFC-9541EF449328}.Release|Any CPU.ActiveCfg = Release|Any CPU
		{72C619B6-A1DB-4C15-BCFC-9541EF449328}.Release|Any CPU.Build.0 = Release|Any CPU
		{A168728A-CE06-4EA6-9AC1-F312F4427524}.Debug|Any CPU.ActiveCfg = Debug|Any CPU
		{A168728A-CE06-4EA6-9AC1-F312F4427524}.Debug|Any CPU.Build.0 = Debug|Any CPU
		{A168728A-CE06-4EA6-9AC1-F312F4427524}.Release|Any CPU.ActiveCfg = Release|Any CPU
		{A168728A-CE06-4EA6-9AC1-F312F4427524}.Release|Any CPU.Build.0 = Release|Any CPU
		{6713D2F3-AF6E-4E11-90E3-DA01E0861FFD}.Debug|Any CPU.ActiveCfg = Debug|Any CPU
		{6713D2F3-AF6E-4E11-90E3-DA01E0861FFD}.Debug|Any CPU.Build.0 = Debug|Any CPU
		{6713D2F3-AF6E-4E11-90E3-DA01E0861FFD}.Release|Any CPU.ActiveCfg = Release|Any CPU
		{6713D2F3-AF6E-4E11-90E3-DA01E0861FFD}.Release|Any CPU.Build.0 = Release|Any CPU
		{C255514B-DE47-47A4-8D12-2EBD2C9DEDE7}.Debug|Any CPU.ActiveCfg = Debug|Any CPU
		{C255514B-DE47-47A4-8D12-2EBD2C9DEDE7}.Debug|Any CPU.Build.0 = Debug|Any CPU
		{C255514B-DE47-47A4-8D12-2EBD2C9DEDE7}.Release|Any CPU.ActiveCfg = Debug|Any CPU
		{C255514B-DE47-47A4-8D12-2EBD2C9DEDE7}.Release|Any CPU.Build.0 = Debug|Any CPU
	EndGlobalSection
	GlobalSection(SolutionProperties) = preSolution
		HideSolutionNode = FALSE
	EndGlobalSection
	GlobalSection(ExtensibilityGlobals) = postSolution
		SolutionGuid = {9C56779B-B3EE-4EE3-9C88-C0960FE0D158}
	EndGlobalSection
EndGlobal
